
Microsoft Visual Studio Solution File, Format Version 12.00
# Visual Studio Version 16
VisualStudioVersion = 16.0.31424.327
MinimumVisualStudioVersion = 10.0.40219.1
Project("{FAE04EC0-301F-11D3-BF4B-00C04F79EFBC}") = "KafkaDemo", "KafkaDemo\KafkaDemo.csproj", "{35F16891-FE50-4FED-A7F6-D060A83B1C72}"
EndProject
Global
	GlobalSection(SolutionConfigurationPlatforms) = preSolution
		Debug|Any CPU = Debug|Any CPU
		Release|Any CPU = Release|Any CPU
	EndGlobalSection
	GlobalSection(ProjectConfigurationPlatforms) = postSolution
		{35F16891-FE50-4FED-A7F6-D060A83B1C72}.Debug|Any CPU.ActiveCfg = Debug|Any CPU
		{35F16891-FE50-4FED-A7F6-D060A83B1C72}.Debug|Any CPU.Build.0 = Debug|Any CPU
		{35F16891-FE50-4FED-A7F6-D060A83B1C72}.Release|Any CPU.ActiveCfg = Release|Any CPU
		{35F16891-FE50-4FED-A7F6-D060A83B1C72}.Release|Any CPU.Build.0 = Release|Any CPU
	EndGlobalSection
	GlobalSection(SolutionProperties) = preSolution
		HideSolutionNode = FALSE
	EndGlobalSection
	GlobalSection(ExtensibilityGlobals) = postSolution
		SolutionGuid = {73E39AB4-EADE-4D42-B92D-C38922282CF1}
	EndGlobalSection
EndGlobal
